
Microsoft Visual Studio Solution File, Format Version 12.00
# Visual Studio Version 17
VisualStudioVersion = 17.0.32112.339
MinimumVisualStudioVersion = 10.0.40219.1
Project("{FAE04EC0-301F-11D3-BF4B-00C04F79EFBC}") = "MyPosGift", "MyPosGift\MyPosGift.csproj", "{05CB6048-9D19-4655-B1FA-D7283CA72BC7}"
EndProject
Project("{FAE04EC0-301F-11D3-BF4B-00C04F79EFBC}") = "myPosGift.Infrastructure", "myPosGift.Infrastructure\myPosGift.Infrastructure.csproj", "{48A2BF62-3A20-426D-AAFA-FF07F9ED26FA}"
EndProject
Project("{FAE04EC0-301F-11D3-BF4B-00C04F79EFBC}") = "myPosGift.Core", "myPosGift.Core\myPosGift.Core.csproj", "{00E89A0E-F4C9-4DEA-9296-16CBDD34AA46}"
EndProject
Global
	GlobalSection(SolutionConfigurationPlatforms) = preSolution
		Debug|Any CPU = Debug|Any CPU
		Release|Any CPU = Release|Any CPU
	EndGlobalSection
	GlobalSection(ProjectConfigurationPlatforms) = postSolution
		{05CB6048-9D19-4655-B1FA-D7283CA72BC7}.Debug|Any CPU.ActiveCfg = Debug|Any CPU
		{05CB6048-9D19-4655-B1FA-D7283CA72BC7}.Debug|Any CPU.Build.0 = Debug|Any CPU
		{05CB6048-9D19-4655-B1FA-D7283CA72BC7}.Release|Any CPU.ActiveCfg = Release|Any CPU
		{05CB6048-9D19-4655-B1FA-D7283CA72BC7}.Release|Any CPU.Build.0 = Release|Any CPU
		{48A2BF62-3A20-426D-AAFA-FF07F9ED26FA}.Debug|Any CPU.ActiveCfg = Debug|Any CPU
		{48A2BF62-3A20-426D-AAFA-FF07F9ED26FA}.Debug|Any CPU.Build.0 = Debug|Any CPU
		{48A2BF62-3A20-426D-AAFA-FF07F9ED26FA}.Release|Any CPU.ActiveCfg = Release|Any CPU
		{48A2BF62-3A20-426D-AAFA-FF07F9ED26FA}.Release|Any CPU.Build.0 = Release|Any CPU
		{00E89A0E-F4C9-4DEA-9296-16CBDD34AA46}.Debug|Any CPU.ActiveCfg = Debug|Any CPU
		{00E89A0E-F4C9-4DEA-9296-16CBDD34AA46}.Debug|Any CPU.Build.0 = Debug|Any CPU
		{00E89A0E-F4C9-4DEA-9296-16CBDD34AA46}.Release|Any CPU.ActiveCfg = Release|Any CPU
		{00E89A0E-F4C9-4DEA-9296-16CBDD34AA46}.Release|Any CPU.Build.0 = Release|Any CPU
	EndGlobalSection
	GlobalSection(SolutionProperties) = preSolution
		HideSolutionNode = FALSE
	EndGlobalSection
	GlobalSection(ExtensibilityGlobals) = postSolution
		SolutionGuid = {768E64A5-0B03-442C-B599-B148ACEED898}
	EndGlobalSection
EndGlobal
